
Microsoft Visual Studio Solution File, Format Version 12.00
# Visual Studio Version 16
VisualStudioVersion = 16.0.28803.156
MinimumVisualStudioVersion = 10.0.40219.1
Project("{FAE04EC0-301F-11D3-BF4B-00C04F79EFBC}") = "ActorPlayground", "ActorPlayground\ActorPlayground.csproj", "{79ABABEC-63A8-4142-B994-673B607AE273}"
EndProject
Project("{FAE04EC0-301F-11D3-BF4B-00C04F79EFBC}") = "ActorPlayground.POC", "ActorPlayground.POC\ActorPlayground.POC.csproj", "{BFFEEB9E-9042-42FF-A9F2-5496DECBB4F2}"
EndProject
Global
	GlobalSection(SolutionConfigurationPlatforms) = preSolution
		Debug|Any CPU = Debug|Any CPU
		Release|Any CPU = Release|Any CPU
	EndGlobalSection
	GlobalSection(ProjectConfigurationPlatforms) = postSolution
		{79ABABEC-63A8-4142-B994-673B607AE273}.Debug|Any CPU.ActiveCfg = Debug|Any CPU
		{79ABABEC-63A8-4142-B994-673B607AE273}.Debug|Any CPU.Build.0 = Debug|Any CPU
		{79ABABEC-63A8-4142-B994-673B607AE273}.Release|Any CPU.ActiveCfg = Release|Any CPU
		{79ABABEC-63A8-4142-B994-673B607AE273}.Release|Any CPU.Build.0 = Release|Any CPU
		{BFFEEB9E-9042-42FF-A9F2-5496DECBB4F2}.Debug|Any CPU.ActiveCfg = Debug|Any CPU
		{BFFEEB9E-9042-42FF-A9F2-5496DECBB4F2}.Debug|Any CPU.Build.0 = Debug|Any CPU
		{BFFEEB9E-9042-42FF-A9F2-5496DECBB4F2}.Release|Any CPU.ActiveCfg = Release|Any CPU
		{BFFEEB9E-9042-42FF-A9F2-5496DECBB4F2}.Release|Any CPU.Build.0 = Release|Any CPU
	EndGlobalSection
	GlobalSection(SolutionProperties) = preSolution
		HideSolutionNode = FALSE
	EndGlobalSection
	GlobalSection(ExtensibilityGlobals) = postSolution
		SolutionGuid = {36B0D28D-1672-40C1-8538-36E4B9F78144}
	EndGlobalSection
EndGlobal
